
Microsoft Visual Studio Solution File, Format Version 12.00
# Visual Studio Version 17
VisualStudioVersion = 17.13.35818.85 d17.13
MinimumVisualStudioVersion = 10.0.40219.1
Project("{FAE04EC0-301F-11D3-BF4B-00C04F79EFBC}") = "Demoweb", "Demoweb.csproj", "{C0B4BF6B-F1FB-41D2-B3E9-444B35C264B1}"
EndProject
Global
	GlobalSection(SolutionConfigurationPlatforms) = preSolution
		Debug|Any CPU = Debug|Any CPU
		Release|Any CPU = Release|Any CPU
	EndGlobalSection
	GlobalSection(ProjectConfigurationPlatforms) = postSolution
		{C0B4BF6B-F1FB-41D2-B3E9-444B35C264B1}.Debug|Any CPU.ActiveCfg = Debug|Any CPU
		{C0B4BF6B-F1FB-41D2-B3E9-444B35C264B1}.Debug|Any CPU.Build.0 = Debug|Any CPU
		{C0B4BF6B-F1FB-41D2-B3E9-444B35C264B1}.Release|Any CPU.ActiveCfg = Release|Any CPU
		{C0B4BF6B-F1FB-41D2-B3E9-444B35C264B1}.Release|Any CPU.Build.0 = Release|Any CPU
	EndGlobalSection
	GlobalSection(SolutionProperties) = preSolution
		HideSolutionNode = FALSE
	EndGlobalSection
	GlobalSection(ExtensibilityGlobals) = postSolution
		SolutionGuid = {26A7CB3E-782E-4200-9A00-23767696DD6B}
	EndGlobalSection
EndGlobal
